
Microsoft Visual Studio Solution File, Format Version 12.00
# Visual Studio Version 17
VisualStudioVersion = 17.4.33205.214
MinimumVisualStudioVersion = 10.0.40219.1
Project("{FAE04EC0-301F-11D3-BF4B-00C04F79EFBC}") = "ServiceMenagment", "ServiceMenagment\ServiceMenagment.csproj", "{0368F809-C64B-4F3D-980E-7835741A6C7D}"
EndProject
Project("{FAE04EC0-301F-11D3-BF4B-00C04F79EFBC}") = "Contract", "Contract\Contract.csproj", "{46568C0E-FBB2-47DF-890F-E4E51F1DB911}"
EndProject
Project("{FAE04EC0-301F-11D3-BF4B-00C04F79EFBC}") = "Client", "Client\Client.csproj", "{51848E96-F155-43DD-8EA2-9022B6AA395B}"
EndProject
Project("{FAE04EC0-301F-11D3-BF4B-00C04F79EFBC}") = "Common", "Common\Common.csproj", "{6741D707-E771-4851-BDCB-E4E78651CC9E}"
EndProject
Project("{FAE04EC0-301F-11D3-BF4B-00C04F79EFBC}") = "Manage", "Manage\Manage.csproj", "{2BEB6AFD-1890-479C-864F-FF64140E092C}"
EndProject
Project("{FAE04EC0-301F-11D3-BF4B-00C04F79EFBC}") = "CertHelper", "CertHelper\CertHelper.csproj", "{8AC9ECFF-9792-4EF7-A4D4-8B35739C005D}"
EndProject
Project("{FAE04EC0-301F-11D3-BF4B-00C04F79EFBC}") = "Audit", "Audit\Audit.csproj", "{C38A2F3C-2EDB-48C6-9BCB-AD77D3E62FD3}"
EndProject
Project("{FAE04EC0-301F-11D3-BF4B-00C04F79EFBC}") = "ClientService", "ClientService\ClientService.csproj", "{B6A02DE5-89D2-471C-A915-FC40A4CC0F9F}"
EndProject
Global
	GlobalSection(SolutionConfigurationPlatforms) = preSolution
		Debug|Any CPU = Debug|Any CPU
		Release|Any CPU = Release|Any CPU
	EndGlobalSection
	GlobalSection(ProjectConfigurationPlatforms) = postSolution
		{0368F809-C64B-4F3D-980E-7835741A6C7D}.Debug|Any CPU.ActiveCfg = Debug|Any CPU
		{0368F809-C64B-4F3D-980E-7835741A6C7D}.Debug|Any CPU.Build.0 = Debug|Any CPU
		{0368F809-C64B-4F3D-980E-7835741A6C7D}.Release|Any CPU.ActiveCfg = Release|Any CPU
		{0368F809-C64B-4F3D-980E-7835741A6C7D}.Release|Any CPU.Build.0 = Release|Any CPU
		{46568C0E-FBB2-47DF-890F-E4E51F1DB911}.Debug|Any CPU.ActiveCfg = Debug|Any CPU
		{46568C0E-FBB2-47DF-890F-E4E51F1DB911}.Debug|Any CPU.Build.0 = Debug|Any CPU
		{46568C0E-FBB2-47DF-890F-E4E51F1DB911}.Release|Any CPU.ActiveCfg = Release|Any CPU
		{46568C0E-FBB2-47DF-890F-E4E51F1DB911}.Release|Any CPU.Build.0 = Release|Any CPU
		{51848E96-F155-43DD-8EA2-9022B6AA395B}.Debug|Any CPU.ActiveCfg = Debug|Any CPU
		{51848E96-F155-43DD-8EA2-9022B6AA395B}.Debug|Any CPU.Build.0 = Debug|Any CPU
		{51848E96-F155-43DD-8EA2-9022B6AA395B}.Release|Any CPU.ActiveCfg = Release|Any CPU
		{51848E96-F155-43DD-8EA2-9022B6AA395B}.Release|Any CPU.Build.0 = Release|Any CPU
		{6741D707-E771-4851-BDCB-E4E78651CC9E}.Debug|Any CPU.ActiveCfg = Debug|Any CPU
		{6741D707-E771-4851-BDCB-E4E78651CC9E}.Debug|Any CPU.Build.0 = Debug|Any CPU
		{6741D707-E771-4851-BDCB-E4E78651CC9E}.Release|Any CPU.ActiveCfg = Release|Any CPU
		{6741D707-E771-4851-BDCB-E4E78651CC9E}.Release|Any CPU.Build.0 = Release|Any CPU
		{2BEB6AFD-1890-479C-864F-FF64140E092C}.Debug|Any CPU.ActiveCfg = Debug|Any CPU
		{2BEB6AFD-1890-479C-864F-FF64140E092C}.Debug|Any CPU.Build.0 = Debug|Any CPU
		{2BEB6AFD-1890-479C-864F-FF64140E092C}.Release|Any CPU.ActiveCfg = Release|Any CPU
		{2BEB6AFD-1890-479C-864F-FF64140E092C}.Release|Any CPU.Build.0 = Release|Any CPU
		{8AC9ECFF-9792-4EF7-A4D4-8B35739C005D}.Debug|Any CPU.ActiveCfg = Debug|Any CPU
		{8AC9ECFF-9792-4EF7-A4D4-8B35739C005D}.Debug|Any CPU.Build.0 = Debug|Any CPU
		{8AC9ECFF-9792-4EF7-A4D4-8B35739C005D}.Release|Any CPU.ActiveCfg = Release|Any CPU
		{8AC9ECFF-9792-4EF7-A4D4-8B35739C005D}.Release|Any CPU.Build.0 = Release|Any CPU
		{C38A2F3C-2EDB-48C6-9BCB-AD77D3E62FD3}.Debug|Any CPU.ActiveCfg = Debug|Any CPU
		{C38A2F3C-2EDB-48C6-9BCB-AD77D3E62FD3}.Debug|Any CPU.Build.0 = Debug|Any CPU
		{C38A2F3C-2EDB-48C6-9BCB-AD77D3E62FD3}.Release|Any CPU.ActiveCfg = Release|Any CPU
		{C38A2F3C-2EDB-48C6-9BCB-AD77D3E62FD3}.Release|Any CPU.Build.0 = Release|Any CPU
		{B6A02DE5-89D2-471C-A915-FC40A4CC0F9F}.Debug|Any CPU.ActiveCfg = Debug|Any CPU
		{B6A02DE5-89D2-471C-A915-FC40A4CC0F9F}.Debug|Any CPU.Build.0 = Debug|Any CPU
		{B6A02DE5-89D2-471C-A915-FC40A4CC0F9F}.Release|Any CPU.ActiveCfg = Release|Any CPU
		{B6A02DE5-89D2-471C-A915-FC40A4CC0F9F}.Release|Any CPU.Build.0 = Release|Any CPU
	EndGlobalSection
	GlobalSection(SolutionProperties) = preSolution
		HideSolutionNode = FALSE
	EndGlobalSection
	GlobalSection(ExtensibilityGlobals) = postSolution
		SolutionGuid = {36764FEB-4A4D-4321-AF15-706122011856}
	EndGlobalSection
EndGlobal
